
Microsoft Visual Studio Solution File, Format Version 12.00
# Visual Studio Version 17
VisualStudioVersion = 17.3.32819.101
MinimumVisualStudioVersion = 10.0.40219.1
Project("{9A19103F-16F7-4668-BE54-9A1E7A4F7556}") = "EmployeeManagement.Models", "EmployeeManagement.Models\EmployeeManagement.Models.csproj", "{762838E7-F541-4A53-912B-C73B70D382EA}"
EndProject
Project("{9A19103F-16F7-4668-BE54-9A1E7A4F7556}") = "EmployeeManagement.Web", "EmployeeManagement.Web\EmployeeManagement.Web.csproj", "{174F6946-880F-4E2C-90F7-11FCC10B4BDC}"
EndProject
Project("{9A19103F-16F7-4668-BE54-9A1E7A4F7556}") = "EmployeeManagement.API", "EmployeeManagement.API\EmployeeManagement.API.csproj", "{127C81A7-624E-4163-88BC-B39ACC472B67}"
EndProject
Global
	GlobalSection(SolutionConfigurationPlatforms) = preSolution
		Debug|Any CPU = Debug|Any CPU
		Release|Any CPU = Release|Any CPU
	EndGlobalSection
	GlobalSection(ProjectConfigurationPlatforms) = postSolution
		{762838E7-F541-4A53-912B-C73B70D382EA}.Debug|Any CPU.ActiveCfg = Debug|Any CPU
		{762838E7-F541-4A53-912B-C73B70D382EA}.Debug|Any CPU.Build.0 = Debug|Any CPU
		{762838E7-F541-4A53-912B-C73B70D382EA}.Release|Any CPU.ActiveCfg = Release|Any CPU
		{762838E7-F541-4A53-912B-C73B70D382EA}.Release|Any CPU.Build.0 = Release|Any CPU
		{174F6946-880F-4E2C-90F7-11FCC10B4BDC}.Debug|Any CPU.ActiveCfg = Debug|Any CPU
		{174F6946-880F-4E2C-90F7-11FCC10B4BDC}.Debug|Any CPU.Build.0 = Debug|Any CPU
		{174F6946-880F-4E2C-90F7-11FCC10B4BDC}.Release|Any CPU.ActiveCfg = Release|Any CPU
		{174F6946-880F-4E2C-90F7-11FCC10B4BDC}.Release|Any CPU.Build.0 = Release|Any CPU
		{127C81A7-624E-4163-88BC-B39ACC472B67}.Debug|Any CPU.ActiveCfg = Debug|Any CPU
		{127C81A7-624E-4163-88BC-B39ACC472B67}.Debug|Any CPU.Build.0 = Debug|Any CPU
		{127C81A7-624E-4163-88BC-B39ACC472B67}.Release|Any CPU.ActiveCfg = Release|Any CPU
		{127C81A7-624E-4163-88BC-B39ACC472B67}.Release|Any CPU.Build.0 = Release|Any CPU
	EndGlobalSection
	GlobalSection(SolutionProperties) = preSolution
		HideSolutionNode = FALSE
	EndGlobalSection
	GlobalSection(ExtensibilityGlobals) = postSolution
		SolutionGuid = {3D9A3FE1-1D42-48A5-A35D-96C3C333C20B}
	EndGlobalSection
EndGlobal
